
Microsoft Visual Studio Solution File, Format Version 12.00
# Visual Studio Version 17
VisualStudioVersion = 17.8.34525.116
MinimumVisualStudioVersion = 10.0.40219.1
Project("{FAE04EC0-301F-11D3-BF4B-00C04F79EFBC}") = "WPF.Template", "WPF.Template.csproj", "{9017AD91-9710-420E-869B-6436A3134499}"
EndProject
Global
	GlobalSection(SolutionConfigurationPlatforms) = preSolution
		Debug|Any CPU = Debug|Any CPU
		Release|Any CPU = Release|Any CPU
	EndGlobalSection
	GlobalSection(ProjectConfigurationPlatforms) = postSolution
		{9017AD91-9710-420E-869B-6436A3134499}.Debug|Any CPU.ActiveCfg = Debug|Any CPU
		{9017AD91-9710-420E-869B-6436A3134499}.Debug|Any CPU.Build.0 = Debug|Any CPU
		{9017AD91-9710-420E-869B-6436A3134499}.Release|Any CPU.ActiveCfg = Release|Any CPU
		{9017AD91-9710-420E-869B-6436A3134499}.Release|Any CPU.Build.0 = Release|Any CPU
	EndGlobalSection
	GlobalSection(SolutionProperties) = preSolution
		HideSolutionNode = FALSE
	EndGlobalSection
	GlobalSection(ExtensibilityGlobals) = postSolution
		SolutionGuid = {C1D37129-E156-45D5-BBEA-CB488BFB19CB}
	EndGlobalSection
EndGlobal
